
Microsoft Visual Studio Solution File, Format Version 12.00
# Visual Studio Version 17
VisualStudioVersion = 17.0.32126.317
MinimumVisualStudioVersion = 10.0.40219.1
Project("{FAE04EC0-301F-11D3-BF4B-00C04F79EFBC}") = "ProjectAndDevelopers1", "ProjectAndDevelopers1\ProjectAndDevelopers1.csproj", "{411E02C4-3380-4A6A-9E9F-75D7FE51236D}"
EndProject
Global
	GlobalSection(SolutionConfigurationPlatforms) = preSolution
		Debug|Any CPU = Debug|Any CPU
		Release|Any CPU = Release|Any CPU
	EndGlobalSection
	GlobalSection(ProjectConfigurationPlatforms) = postSolution
		{411E02C4-3380-4A6A-9E9F-75D7FE51236D}.Debug|Any CPU.ActiveCfg = Debug|Any CPU
		{411E02C4-3380-4A6A-9E9F-75D7FE51236D}.Debug|Any CPU.Build.0 = Debug|Any CPU
		{411E02C4-3380-4A6A-9E9F-75D7FE51236D}.Release|Any CPU.ActiveCfg = Release|Any CPU
		{411E02C4-3380-4A6A-9E9F-75D7FE51236D}.Release|Any CPU.Build.0 = Release|Any CPU
	EndGlobalSection
	GlobalSection(SolutionProperties) = preSolution
		HideSolutionNode = FALSE
	EndGlobalSection
	GlobalSection(ExtensibilityGlobals) = postSolution
		SolutionGuid = {D2976D29-A98A-4CED-8428-110EA60E2408}
	EndGlobalSection
EndGlobal
